{
  "object": {
    "pins": [
      {
        "package": "HandySwift",
        "repositoryURL": "https://github.com/Flinesoft/HandySwift.git",
        "state": {
          "branch": null,
          "revision": "4225d7654f87886b09dddf52761fc898e4bfd137",
          "version": "3.0.0"
        }
      }
    ]
  },
  "version": 1
}
